// !$*UTF8*$!
{
	archiveVersion = 1;
	classes = {
	};
	objectVersion = 50;
	objects = {

/* Begin PBXBuildFile section */
		C2F401CE0E45B999B95DAE00 /* Pods_firebase_todo.framework in Frameworks */ = {isa = PBXBuildFile; fileRef = 2E9703AA86311A4CBF8AB323 /* Pods_firebase_todo.framework */; };
		D029F928209E958500D7EA14 /* firebase-todo.xcworkspace in Resources */ = {isa = PBXBuildFile; fileRef = D029F927209E958500D7EA14 /* firebase-todo.xcworkspace */; };
		D0433E53209E95D300A10D4C /* GoogleService-Info.plist in Resources */ = {isa = PBXBuildFile; fileRef = D0433E52209E95D300A10D4C /* GoogleService-Info.plist */; };
		D04A30E6209E412D00DD5174 /* TaskTableViewController.swift in Sources */ = {isa = PBXBuildFile; fileRef = D04A30E5209E412D00DD5174 /* TaskTableViewController.swift */; };
		D04A30E8209E416500DD5174 /* TaskItem.swift in Sources */ = {isa = PBXBuildFile; fileRef = D04A30E7209E416500DD5174 /* TaskItem.swift */; };
		D04CA2F2209E3EEC00CF441C /* AppDelegate.swift in Sources */ = {isa = PBXBuildFile; fileRef = D04CA2F1209E3EEC00CF441C /* AppDelegate.swift */; };
		D04CA2F7209E3EEC00CF441C /* Main.storyboard in Resources */ = {isa = PBXBuildFile; fileRef = D04CA2F5209E3EEC00CF441C /* Main.storyboard */; };
		D04CA2F9209E3EEC00CF441C /* Assets.xcassets in Resources */ = {isa = PBXBuildFile; fileRef = D04CA2F8209E3EEC00CF441C /* Assets.xcassets */; };
		D0D9C0AB209E755700B97A89 /* LoginViewController.swift in Sources */ = {isa = PBXBuildFile; fileRef = D0D9C0AA209E755700B97A89 /* LoginViewController.swift */; };
/* End PBXBuildFile section */

/* Begin PBXFileReference section */
		021403053038EB96B0AF1B3E /* Pods-firebase-todo.release.xcconfig */ = {isa = PBXFileReference; includeInIndex = 1; lastKnownFileType = text.xcconfig; name = "Pods-firebase-todo.release.xcconfig"; path = "Pods/Target Support Files/Pods-firebase-todo/Pods-firebase-todo.release.xcconfig"; sourceTree = "<group>"; };
		2E9703AA86311A4CBF8AB323 /* Pods_firebase_todo.framework */ = {isa = PBXFileReference; explicitFileType = wrapper.framework; includeInIndex = 0; path = Pods_firebase_todo.framework; sourceTree = BUILT_PRODUCTS_DIR; };
		D029F927209E958500D7EA14 /* firebase-todo.xcworkspace */ = {isa = PBXFileReference; lastKnownFileType = wrapper.workspace; path = "firebase-todo.xcworkspace"; sourceTree = "<group>"; };
		D0433E52209E95D300A10D4C /* GoogleService-Info.plist */ = {isa = PBXFileReference; fileEncoding = 4; lastKnownFileType = text.plist.xml; path = "GoogleService-Info.plist"; sourceTree = "<group>"; };
		D04A30E5209E412D00DD5174 /* TaskTableViewController.swift */ = {isa = PBXFileReference; lastKnownFileType = sourcecode.swift; path = TaskTableViewController.swift; sourceTree = "<group>"; };
		D04A30E7209E416500DD5174 /* TaskItem.swift */ = {isa = PBXFileReference; lastKnownFileType = sourcecode.swift; path = TaskItem.swift; sourceTree = "<group>"; };
		D04CA2EE209E3EEC00CF441C /* firebase-todo.app */ = {isa = PBXFileReference; explicitFileType = wrapper.application; includeInIndex = 0; path = "firebase-todo.app"; sourceTree = BUILT_PRODUCTS_DIR; };
		D04CA2F1209E3EEC00CF441C /* AppDelegate.swift */ = {isa = PBXFileReference; lastKnownFileType = sourcecode.swift; path = AppDelegate.swift; sourceTree = "<group>"; };
		D04CA2F6209E3EEC00CF441C /* Base */ = {isa = PBXFileReference; lastKnownFileType = file.storyboard; name = Base; path = Base.lproj/Main.storyboard; sourceTree = "<group>"; };
		D04CA2F8209E3EEC00CF441C /* Assets.xcassets */ = {isa = PBXFileReference; lastKnownFileType = folder.assetcatalog; path = Assets.xcassets; sourceTree = "<group>"; };
		D04CA2FD209E3EEC00CF441C /* Info.plist */ = {isa = PBXFileReference; lastKnownFileType = text.plist.xml; path = Info.plist; sourceTree = "<group>"; };
		D0D9C0AA209E755700B97A89 /* LoginViewController.swift */ = {isa = PBXFileReference; lastKnownFileType = sourcecode.swift; path = LoginViewController.swift; sourceTree = "<group>"; };
		E7768D4D49414A236221D0A6 /* Pods-firebase-todo.debug.xcconfig */ = {isa = PBXFileReference; includeInIndex = 1; lastKnownFileType = text.xcconfig; name = "Pods-firebase-todo.debug.xcconfig"; path = "Pods/Target Support Files/Pods-firebase-todo/Pods-firebase-todo.debug.xcconfig"; sourceTree = "<group>"; };
/* End PBXFileReference section */

/* Begin PBXFrameworksBuildPhase section */
		D04CA2EB209E3EEB00CF441C /* Frameworks */ = {
			isa = PBXFrameworksBuildPhase;
			buildActionMask = 2147483647;
			files = (
				C2F401CE0E45B999B95DAE00 /* Pods_firebase_todo.framework in Frameworks */,
			);
			runOnlyForDeploymentPostprocessing = 0;
		};
/* End PBXFrameworksBuildPhase section */

/* Begin PBXGroup section */
		4ECE0207F8A16B0C44B2C352 /* Pods */ = {
			isa = PBXGroup;
			children = (
				E7768D4D49414A236221D0A6 /* Pods-firebase-todo.debug.xcconfig */,
				021403053038EB96B0AF1B3E /* Pods-firebase-todo.release.xcconfig */,
			);
			name = Pods;
			sourceTree = "<group>";
		};
		B0467733E0D1A4B0B7F25547 /* Frameworks */ = {
			isa = PBXGroup;
			children = (
				2E9703AA86311A4CBF8AB323 /* Pods_firebase_todo.framework */,
			);
			name = Frameworks;
			sourceTree = "<group>";
		};
		D04CA2E5209E3EEB00CF441C = {
			isa = PBXGroup;
			children = (
				D029F927209E958500D7EA14 /* firebase-todo.xcworkspace */,
				D04CA2F0209E3EEC00CF441C /* firebase-todo */,
				D04CA2EF209E3EEC00CF441C /* Products */,
				4ECE0207F8A16B0C44B2C352 /* Pods */,
				B0467733E0D1A4B0B7F25547 /* Frameworks */,
			);
			sourceTree = "<group>";
		};
		D04CA2EF209E3EEC00CF441C /* Products */ = {
			isa = PBXGroup;
			children = (
				D04CA2EE209E3EEC00CF441C /* firebase-todo.app */,
			);
			name = Products;
			sourceTree = "<group>";
		};
		D04CA2F0209E3EEC00CF441C /* firebase-todo */ = {
			isa = PBXGroup;
			children = (
				D0D9C0AD209E785600B97A89 /* view */,
				D04CA305209E402500CF441C /* model */,
				D04CA304209E400400CF441C /* controller */,
				D04CA303209E3EFD00CF441C /* Project Files */,
				D04CA2FD209E3EEC00CF441C /* Info.plist */,
				D0433E52209E95D300A10D4C /* GoogleService-Info.plist */,
			);
			path = "firebase-todo";
			sourceTree = "<group>";
		};
		D04CA303209E3EFD00CF441C /* Project Files */ = {
			isa = PBXGroup;
			children = (
				D04CA2F1209E3EEC00CF441C /* AppDelegate.swift */,
				D04CA2F8209E3EEC00CF441C /* Assets.xcassets */,
			);
			path = "Project Files";
			sourceTree = "<group>";
		};
		D04CA304209E400400CF441C /* controller */ = {
			isa = PBXGroup;
			children = (
				D04A30E5209E412D00DD5174 /* TaskTableViewController.swift */,
				D0D9C0AA209E755700B97A89 /* LoginViewController.swift */,
			);
			path = controller;
			sourceTree = "<group>";
		};
		D04CA305209E402500CF441C /* model */ = {
			isa = PBXGroup;
			children = (
				D04A30E7209E416500DD5174 /* TaskItem.swift */,
			);
			path = model;
			sourceTree = "<group>";
		};
		D0D9C0AC209E75D400B97A89 /* components */ = {
			isa = PBXGroup;
			children = (
			);
			path = components;
			sourceTree = "<group>";
		};
		D0D9C0AD209E785600B97A89 /* view */ = {
			isa = PBXGroup;
			children = (
				D0D9C0AC209E75D400B97A89 /* components */,
				D04CA2F5209E3EEC00CF441C /* Main.storyboard */,
			);
			path = view;
			sourceTree = "<group>";
		};
/* End PBXGroup section */

/* Begin PBXNativeTarget section */
		D04CA2ED209E3EEB00CF441C /* firebase-todo */ = {
			isa = PBXNativeTarget;
			buildConfigurationList = D04CA300209E3EEC00CF441C /* Build configuration list for PBXNativeTarget "firebase-todo" */;
			buildPhases = (
				15C9F5899EFE52E3055F8A30 /* [CP] Check Pods Manifest.lock */,
				D04CA2EA209E3EEB00CF441C /* Sources */,
				D04CA2EB209E3EEB00CF441C /* Frameworks */,
				D04CA2EC209E3EEB00CF441C /* Resources */,
				5AAD250E976112659E11A85B /* [CP] Embed Pods Frameworks */,
			);
			buildRules = (
			);
			dependencies = (
			);
			name = "firebase-todo";
			productName = "firebase-todo";
			productReference = D04CA2EE209E3EEC00CF441C /* firebase-todo.app */;
			productType = "com.apple.product-type.application";
		};
/* End PBXNativeTarget section */

/* Begin PBXProject section */
		D04CA2E6209E3EEB00CF441C /* Project object */ = {
			isa = PBXProject;
			attributes = {
				LastSwiftUpdateCheck = 0930;
				LastUpgradeCheck = 0930;
				ORGANIZATIONNAME = admin;
				TargetAttributes = {
					D04CA2ED209E3EEB00CF441C = {
						CreatedOnToolsVersion = 9.3;
					};
				};
			};
			buildConfigurationList = D04CA2E9209E3EEB00CF441C /* Build configuration list for PBXProject "firebase-todo" */;
			compatibilityVersion = "Xcode 9.3";
			developmentRegion = en;
			hasScannedForEncodings = 0;
			knownRegions = (
				en,
				Base,
			);
			mainGroup = D04CA2E5209E3EEB00CF441C;
			productRefGroup = D04CA2EF209E3EEC00CF441C /* Products */;
			projectDirPath = "";
			projectRoot = "";
			targets = (
				D04CA2ED209E3EEB00CF441C /* firebase-todo */,
			);
		};
/* End PBXProject section */

/* Begin PBXResourcesBuildPhase section */
		D04CA2EC209E3EEB00CF441C /* Resources */ = {
			isa = PBXResourcesBuildPhase;
			buildActionMask = 2147483647;
			files = (
				D04CA2F9209E3EEC00CF441C /* Assets.xcassets in Resources */,
				D0433E53209E95D300A10D4C /* GoogleService-Info.plist in Resources */,
				D04CA2F7209E3EEC00CF441C /* Main.storyboard in Resources */,
				D029F928209E958500D7EA14 /* firebase-todo.xcworkspace in Resources */,
			);
			runOnlyForDeploymentPostprocessing = 0;
		};
/* End PBXResourcesBuildPhase section */

/* Begin PBXShellScriptBuildPhase section */
		15C9F5899EFE52E3055F8A30 /* [CP] Check Pods Manifest.lock */ = {
			isa = PBXShellScriptBuildPhase;
			buildActionMask = 2147483647;
			files = (
			);
			inputPaths = (
				"${PODS_PODFILE_DIR_PATH}/Podfile.lock",
				"${PODS_ROOT}/Manifest.lock",
			);
			name = "[CP] Check Pods Manifest.lock";
			outputPaths = (
				"$(DERIVED_FILE_DIR)/Pods-firebase-todo-checkManifestLockResult.txt",
			);
			runOnlyForDeploymentPostprocessing = 0;
			shellPath = /bin/sh;
			shellScript = "diff \"${PODS_PODFILE_DIR_PATH}/Podfile.lock\" \"${PODS_ROOT}/Manifest.lock\" > /dev/null\nif [ $? != 0 ] ; then\n    # print error to STDERR\n    echo \"error: The sandbox is not in sync with the Podfile.lock. Run 'pod install' or update your CocoaPods installation.\" >&2\n    exit 1\nfi\n# This output is used by Xcode 'outputs' to avoid re-running this script phase.\necho \"SUCCESS\" > \"${SCRIPT_OUTPUT_FILE_0}\"\n";
			showEnvVarsInLog = 0;
		};
		5AAD250E976112659E11A85B /* [CP] Embed Pods Frameworks */ = {
			isa = PBXShellScriptBuildPhase;
			buildActionMask = 2147483647;
			files = (
			);
			inputPaths = (
				"${SRCROOT}/Pods/Target Support Files/Pods-firebase-todo/Pods-firebase-todo-frameworks.sh",
				"${BUILT_PRODUCTS_DIR}/GTMSessionFetcher/GTMSessionFetcher.framework",
				"${BUILT_PRODUCTS_DIR}/GoogleToolboxForMac/GoogleToolboxForMac.framework",
				"${BUILT_PRODUCTS_DIR}/SwiftValidator/SwiftValidator.framework",
				"${BUILT_PRODUCTS_DIR}/TransitionButton/TransitionButton.framework",
				"${BUILT_PRODUCTS_DIR}/leveldb-library/leveldb.framework",
				"${BUILT_PRODUCTS_DIR}/nanopb/nanopb.framework",
			);
			name = "[CP] Embed Pods Frameworks";
			outputPaths = (
				"${TARGET_BUILD_DIR}/${FRAMEWORKS_FOLDER_PATH}/GTMSessionFetcher.framework",
				"${TARGET_BUILD_DIR}/${FRAMEWORKS_FOLDER_PATH}/GoogleToolboxForMac.framework",
				"${TARGET_BUILD_DIR}/${FRAMEWORKS_FOLDER_PATH}/SwiftValidator.framework",
				"${TARGET_BUILD_DIR}/${FRAMEWORKS_FOLDER_PATH}/TransitionButton.framework",
				"${TARGET_BUILD_DIR}/${FRAMEWORKS_FOLDER_PATH}/leveldb.framework",
				"${TARGET_BUILD_DIR}/${FRAMEWORKS_FOLDER_PATH}/nanopb.framework",
			);
			runOnlyForDeploymentPostprocessing = 0;
			shellPath = /bin/sh;
			shellScript = "\"${SRCROOT}/Pods/Target Support Files/Pods-firebase-todo/Pods-firebase-todo-frameworks.sh\"\n";
			showEnvVarsInLog = 0;
		};
/* End PBXShellScriptBuildPhase section */

/* Begin PBXSourcesBuildPhase section */
		D04CA2EA209E3EEB00CF441C /* Sources */ = {
			isa = PBXSourcesBuildPhase;
			buildActionMask = 2147483647;
			files = (
				D0D9C0AB209E755700B97A89 /* LoginViewController.swift in Sources */,
				D04CA2F2209E3EEC00CF441C /* AppDelegate.swift in Sources */,
				D04A30E8209E416500DD5174 /* TaskItem.swift in Sources */,
				D04A30E6209E412D00DD5174 /* TaskTableViewController.swift in Sources */,
			);
			runOnlyForDeploymentPostprocessing = 0;
		};
/* End PBXSourcesBuildPhase section */

/* Begin PBXVariantGroup section */
		D04CA2F5209E3EEC00CF441C /* Main.storyboard */ = {
			isa = PBXVariantGroup;
			children = (
				D04CA2F6209E3EEC00CF441C /* Base */,
			);
			name = Main.storyboard;
			sourceTree = "<group>";
		};
/* End PBXVariantGroup section */

/* Begin XCBuildConfiguration section */
		D04CA2FE209E3EEC00CF441C /* Debug */ = {
			isa = XCBuildConfiguration;
			buildSettings = {
				ALWAYS_SEARCH_USER_PATHS = NO;
				CLANG_ANALYZER_NONNULL = YES;
				CLANG_ANALYZER_NUMBER_OBJECT_CONVERSION = YES_AGGRESSIVE;
				CLANG_CXX_LANGUAGE_STANDARD = "gnu++14";
				CLANG_CXX_LIBRARY = "libc++";
				CLANG_ENABLE_MODULES = YES;
				CLANG_ENABLE_OBJC_ARC = YES;
				CLANG_ENABLE_OBJC_WEAK = YES;
				CLANG_WARN_BLOCK_CAPTURE_AUTORELEASING = YES;
				CLANG_WARN_BOOL_CONVERSION = YES;
				CLANG_WARN_COMMA = YES;
				CLANG_WARN_CONSTANT_CONVERSION = YES;
				CLANG_WARN_DEPRECATED_OBJC_IMPLEMENTATIONS = YES;
				CLANG_WARN_DIRECT_OBJC_ISA_USAGE = YES_ERROR;
				CLANG_WARN_DOCUMENTATION_COMMENTS = YES;
				CLANG_WARN_EMPTY_BODY = YES;
				CLANG_WARN_ENUM_CONVERSION = YES;
				CLANG_WARN_INFINITE_RECURSION = YES;
				CLANG_WARN_INT_CONVERSION = YES;
				CLANG_WARN_NON_LITERAL_NULL_CONVERSION = YES;
				CLANG_WARN_OBJC_IMPLICIT_RETAIN_SELF = YES;
				CLANG_WARN_OBJC_LITERAL_CONVERSION = YES;
				CLANG_WARN_OBJC_ROOT_CLASS = YES_ERROR;
				CLANG_WARN_RANGE_LOOP_ANALYSIS = YES;
				CLANG_WARN_STRICT_PROTOTYPES = YES;
				CLANG_WARN_SUSPICIOUS_MOVE = YES;
				CLANG_WARN_UNGUARDED_AVAILABILITY = YES_AGGRESSIVE;
				CLANG_WARN_UNREACHABLE_CODE = YES;
				CLANG_WARN__DUPLICATE_METHOD_MATCH = YES;
				CODE_SIGN_IDENTITY = "iPhone Developer";
				COPY_PHASE_STRIP = NO;
				DEBUG_INFORMATION_FORMAT = dwarf;
				ENABLE_STRICT_OBJC_MSGSEND = YES;
				ENABLE_TESTABILITY = YES;
				GCC_C_LANGUAGE_STANDARD = gnu11;
				GCC_DYNAMIC_NO_PIC = NO;
				GCC_NO_COMMON_BLOCKS = YES;
				GCC_OPTIMIZATION_LEVEL = 0;
				GCC_PREPROCESSOR_DEFINITIONS = (
					"DEBUG=1",
					"$(inherited)",
				);
				GCC_WARN_64_TO_32_BIT_CONVERSION = YES;
				GCC_WARN_ABOUT_RETURN_TYPE = YES_ERROR;
				GCC_WARN_UNDECLARED_SELECTOR = YES;
				GCC_WARN_UNINITIALIZED_AUTOS = YES_AGGRESSIVE;
				GCC_WARN_UNUSED_FUNCTION = YES;
				GCC_WARN_UNUSED_VARIABLE = YES;
				IPHONEOS_DEPLOYMENT_TARGET = 11.3;
				MTL_ENABLE_DEBUG_INFO = YES;
				ONLY_ACTIVE_ARCH = YES;
				SDKROOT = iphoneos;
				SWIFT_ACTIVE_COMPILATION_CONDITIONS = DEBUG;
				SWIFT_OPTIMIZATION_LEVEL = "-Onone";
			};
			name = Debug;
		};
		D04CA2FF209E3EEC00CF441C /* Release */ = {
			isa = XCBuildConfiguration;
			buildSettings = {
				ALWAYS_SEARCH_USER_PATHS = NO;
				CLANG_ANALYZER_NONNULL = YES;
				CLANG_ANALYZER_NUMBER_OBJECT_CONVERSION = YES_AGGRESSIVE;
				CLANG_CXX_LANGUAGE_STANDARD = "gnu++14";
				CLANG_CXX_LIBRARY = "libc++";
				CLANG_ENABLE_MODULES = YES;
				CLANG_ENABLE_OBJC_ARC = YES;
				CLANG_ENABLE_OBJC_WEAK = YES;
				CLANG_WARN_BLOCK_CAPTURE_AUTORELEASING = YES;
				CLANG_WARN_BOOL_CONVERSION = YES;
				CLANG_WARN_COMMA = YES;
				CLANG_WARN_CONSTANT_CONVERSION = YES;
				CLANG_WARN_DEPRECATED_OBJC_IMPLEMENTATIONS = YES;
				CLANG_WARN_DIRECT_OBJC_ISA_USAGE = YES_ERROR;
				CLANG_WARN_DOCUMENTATION_COMMENTS = YES;
				CLANG_WARN_EMPTY_BODY = YES;
				CLANG_WARN_ENUM_CONVERSION = YES;
				CLANG_WARN_INFINITE_RECURSION = YES;
				CLANG_WARN_INT_CONVERSION = YES;
				CLANG_WARN_NON_LITERAL_NULL_CONVERSION = YES;
				CLANG_WARN_OBJC_IMPLICIT_RETAIN_SELF = YES;
				CLANG_WARN_OBJC_LITERAL_CONVERSION = YES;
				CLANG_WARN_OBJC_ROOT_CLASS = YES_ERROR;
				CLANG_WARN_RANGE_LOOP_ANALYSIS = YES;
				CLANG_WARN_STRICT_PROTOTYPES = YES;
				CLANG_WARN_SUSPICIOUS_MOVE = YES;
				CLANG_WARN_UNGUARDED_AVAILABILITY = YES_AGGRESSIVE;
				CLANG_WARN_UNREACHABLE_CODE = YES;
				CLANG_WARN__DUPLICATE_METHOD_MATCH = YES;
				CODE_SIGN_IDENTITY = "iPhone Developer";
				COPY_PHASE_STRIP = NO;
				DEBUG_INFORMATION_FORMAT = "dwarf-with-dsym";
				ENABLE_NS_ASSERTIONS = NO;
				ENABLE_STRICT_OBJC_MSGSEND = YES;
				GCC_C_LANGUAGE_STANDARD = gnu11;
				GCC_NO_COMMON_BLOCKS = YES;
				GCC_WARN_64_TO_32_BIT_CONVERSION = YES;
				GCC_WARN_ABOUT_RETURN_TYPE = YES_ERROR;
				GCC_WARN_UNDECLARED_SELECTOR = YES;
				GCC_WARN_UNINITIALIZED_AUTOS = YES_AGGRESSIVE;
				GCC_WARN_UNUSED_FUNCTION = YES;
				GCC_WARN_UNUSED_VARIABLE = YES;
				IPHONEOS_DEPLOYMENT_TARGET = 11.3;
				MTL_ENABLE_DEBUG_INFO = NO;
				SDKROOT = iphoneos;
				SWIFT_COMPILATION_MODE = wholemodule;
				SWIFT_OPTIMIZATION_LEVEL = "-O";
				VALIDATE_PRODUCT = YES;
			};
			name = Release;
		};
		D04CA301209E3EEC00CF441C /* Debug */ = {
			isa = XCBuildConfiguration;
			baseConfigurationReference = E7768D4D49414A236221D0A6 /* Pods-firebase-todo.debug.xcconfig */;
			buildSettings = {
				ASSETCATALOG_COMPILER_APPICON_NAME = AppIcon;
				CODE_SIGN_STYLE = Automatic;
				INFOPLIST_FILE = "firebase-todo/Info.plist";
				LD_RUNPATH_SEARCH_PATHS = "$(inherited) @executable_path/Frameworks";
				PRODUCT_BUNDLE_IDENTIFIER = "srowhani.firebase-todo";
				PRODUCT_NAME = "$(TARGET_NAME)";
				SWIFT_VERSION = 4.0;
				TARGETED_DEVICE_FAMILY = "1,2";
			};
			name = Debug;
		};
		D04CA302209E3EEC00CF441C /* Release */ = {
			isa = XCBuildConfiguration;
			baseConfigurationReference = 021403053038EB96B0AF1B3E /* Pods-firebase-todo.release.xcconfig */;
			buildSettings = {
				ASSETCATALOG_COMPILER_APPICON_NAME = AppIcon;
				CODE_SIGN_STYLE = Automatic;
				INFOPLIST_FILE = "firebase-todo/Info.plist";
				LD_RUNPATH_SEARCH_PATHS = "$(inherited) @executable_path/Frameworks";
				PRODUCT_BUNDLE_IDENTIFIER = "srowhani.firebase-todo";
				PRODUCT_NAME = "$(TARGET_NAME)";
				SWIFT_VERSION = 4.0;
				TARGETED_DEVICE_FAMILY = "1,2";
			};
			name = Release;
		};
/* End XCBuildConfiguration section */

/* Begin XCConfigurationList section */
		D04CA2E9209E3EEB00CF441C /* Build configuration list for PBXProject "firebase-todo" */ = {
			isa = XCConfigurationList;
			buildConfigurations = (
				D04CA2FE209E3EEC00CF441C /* Debug */,
				D04CA2FF209E3EEC00CF441C /* Release */,
			);
			defaultConfigurationIsVisible = 0;
			defaultConfigurationName = Release;
		};
		D04CA300209E3EEC00CF441C /* Build configuration list for PBXNativeTarget "firebase-todo" */ = {
			isa = XCConfigurationList;
			buildConfigurations = (
				D04CA301209E3EEC00CF441C /* Debug */,
				D04CA302209E3EEC00CF441C /* Release */,
			);
			defaultConfigurationIsVisible = 0;
			defaultConfigurationName = Release;
		};
/* End XCConfigurationList section */
	};
	rootObject = D04CA2E6209E3EEB00CF441C /* Project object */;
}
